// !$*UTF8*$!
{
	archiveVersion = 1;
	classes = {
	};
	objectVersion = 50;
	objects = {

/* Begin PBXBuildFile section */
		950C238A25E46785006F72DA /* ItemStory.swift in Sources */ = {isa = PBXBuildFile; fileRef = 950C238925E46785006F72DA /* ItemStory.swift */; };
		950C238D25E46F98006F72DA /* AddStory.swift in Sources */ = {isa = PBXBuildFile; fileRef = 950C238C25E46F98006F72DA /* AddStory.swift */; };
		958052CA25E3C518008AAD8F /* AppDelegate.swift in Sources */ = {isa = PBXBuildFile; fileRef = 958052C925E3C518008AAD8F /* AppDelegate.swift */; };
		958052CC25E3C518008AAD8F /* SceneDelegate.swift in Sources */ = {isa = PBXBuildFile; fileRef = 958052CB25E3C518008AAD8F /* SceneDelegate.swift */; };
		958052D125E3C518008AAD8F /* Instagram.xcdatamodeld in Sources */ = {isa = PBXBuildFile; fileRef = 958052CF25E3C518008AAD8F /* Instagram.xcdatamodeld */; };
		958052D325E3C519008AAD8F /* Assets.xcassets in Resources */ = {isa = PBXBuildFile; fileRef = 958052D225E3C519008AAD8F /* Assets.xcassets */; };
		958052D625E3C519008AAD8F /* Preview Assets.xcassets in Resources */ = {isa = PBXBuildFile; fileRef = 958052D525E3C519008AAD8F /* Preview Assets.xcassets */; };
		958052D925E3C519008AAD8F /* LaunchScreen.storyboard in Resources */ = {isa = PBXBuildFile; fileRef = 958052D725E3C519008AAD8F /* LaunchScreen.storyboard */; };
		958052E425E3C54A008AAD8F /* StarterScreen.swift in Sources */ = {isa = PBXBuildFile; fileRef = 958052E325E3C54A008AAD8F /* StarterScreen.swift */; };
		958052E925E3C5BC008AAD8F /* Status.swift in Sources */ = {isa = PBXBuildFile; fileRef = 958052E825E3C5BC008AAD8F /* Status.swift */; };
		958052EF25E3C66C008AAD8F /* HomeScreen.swift in Sources */ = {isa = PBXBuildFile; fileRef = 958052EE25E3C66C008AAD8F /* HomeScreen.swift */; };
		958052F725E3CBF1008AAD8F /* SignInScreen.swift in Sources */ = {isa = PBXBuildFile; fileRef = 958052F625E3CBF1008AAD8F /* SignInScreen.swift */; };
		958052FF25E3CC70008AAD8F /* ItemPost.swift in Sources */ = {isa = PBXBuildFile; fileRef = 958052FE25E3CC70008AAD8F /* ItemPost.swift */; };
		95AFCE0125E4D58900D5F79C /* TimeLineScreen.swift in Sources */ = {isa = PBXBuildFile; fileRef = 95AFCE0025E4D58900D5F79C /* TimeLineScreen.swift */; };
		95AFCE0425E4D77300D5F79C /* SearchingScreen.swift in Sources */ = {isa = PBXBuildFile; fileRef = 95AFCE0325E4D77300D5F79C /* SearchingScreen.swift */; };
		95AFCE0725E4D78C00D5F79C /* AddPostScrren.swift in Sources */ = {isa = PBXBuildFile; fileRef = 95AFCE0625E4D78C00D5F79C /* AddPostScrren.swift */; };
		95AFCE0A25E4D79B00D5F79C /* EventsScreen.swift in Sources */ = {isa = PBXBuildFile; fileRef = 95AFCE0925E4D79B00D5F79C /* EventsScreen.swift */; };
		95AFCE0D25E4D7A600D5F79C /* ProfileScreen.swift in Sources */ = {isa = PBXBuildFile; fileRef = 95AFCE0C25E4D7A600D5F79C /* ProfileScreen.swift */; };
		95AFCE1025E4DE4B00D5F79C /* ResultCell.swift in Sources */ = {isa = PBXBuildFile; fileRef = 95AFCE0F25E4DE4B00D5F79C /* ResultCell.swift */; };
		95AFCE1B25E4E64400D5F79C /* ImagePicker.swift in Sources */ = {isa = PBXBuildFile; fileRef = 95AFCE1A25E4E64400D5F79C /* ImagePicker.swift */; };
		95AFCE1F25E5102400D5F79C /* ActivityCell.swift in Sources */ = {isa = PBXBuildFile; fileRef = 95AFCE1E25E5102400D5F79C /* ActivityCell.swift */; };
		95AFCE2225E51AB400D5F79C /* NewActivity.swift in Sources */ = {isa = PBXBuildFile; fileRef = 95AFCE2125E51AB400D5F79C /* NewActivity.swift */; };
		95AFCE2525E51CBE00D5F79C /* CreateNewActivity.swift in Sources */ = {isa = PBXBuildFile; fileRef = 95AFCE2425E51CBE00D5F79C /* CreateNewActivity.swift */; };
		95AFCE2825E5211400D5F79C /* UserPosts.swift in Sources */ = {isa = PBXBuildFile; fileRef = 95AFCE2725E5211400D5F79C /* UserPosts.swift */; };
		95E3B59D25E48507004BFDB0 /* SearchResultItem.swift in Sources */ = {isa = PBXBuildFile; fileRef = 95E3B59C25E48507004BFDB0 /* SearchResultItem.swift */; };
/* End PBXBuildFile section */

/* Begin PBXFileReference section */
		950C238925E46785006F72DA /* ItemStory.swift */ = {isa = PBXFileReference; lastKnownFileType = sourcecode.swift; path = ItemStory.swift; sourceTree = "<group>"; };
		950C238C25E46F98006F72DA /* AddStory.swift */ = {isa = PBXFileReference; lastKnownFileType = sourcecode.swift; path = AddStory.swift; sourceTree = "<group>"; };
		958052C625E3C518008AAD8F /* Instagram.app */ = {isa = PBXFileReference; explicitFileType = wrapper.application; includeInIndex = 0; path = Instagram.app; sourceTree = BUILT_PRODUCTS_DIR; };
		958052C925E3C518008AAD8F /* AppDelegate.swift */ = {isa = PBXFileReference; lastKnownFileType = sourcecode.swift; path = AppDelegate.swift; sourceTree = "<group>"; };
		958052CB25E3C518008AAD8F /* SceneDelegate.swift */ = {isa = PBXFileReference; lastKnownFileType = sourcecode.swift; path = SceneDelegate.swift; sourceTree = "<group>"; };
		958052D025E3C518008AAD8F /* Instagram.xcdatamodel */ = {isa = PBXFileReference; lastKnownFileType = wrapper.xcdatamodel; path = Instagram.xcdatamodel; sourceTree = "<group>"; };
		958052D225E3C519008AAD8F /* Assets.xcassets */ = {isa = PBXFileReference; lastKnownFileType = folder.assetcatalog; path = Assets.xcassets; sourceTree = "<group>"; };
		958052D525E3C519008AAD8F /* Preview Assets.xcassets */ = {isa = PBXFileReference; lastKnownFileType = folder.assetcatalog; path = "Preview Assets.xcassets"; sourceTree = "<group>"; };
		958052D825E3C519008AAD8F /* Base */ = {isa = PBXFileReference; lastKnownFileType = file.storyboard; name = Base; path = Base.lproj/LaunchScreen.storyboard; sourceTree = "<group>"; };
		958052DA25E3C519008AAD8F /* Info.plist */ = {isa = PBXFileReference; lastKnownFileType = text.plist.xml; path = Info.plist; sourceTree = "<group>"; };
		958052E325E3C54A008AAD8F /* StarterScreen.swift */ = {isa = PBXFileReference; lastKnownFileType = sourcecode.swift; path = StarterScreen.swift; sourceTree = "<group>"; };
		958052E825E3C5BC008AAD8F /* Status.swift */ = {isa = PBXFileReference; lastKnownFileType = sourcecode.swift; path = Status.swift; sourceTree = "<group>"; };
		958052EE25E3C66C008AAD8F /* HomeScreen.swift */ = {isa = PBXFileReference; lastKnownFileType = sourcecode.swift; path = HomeScreen.swift; sourceTree = "<group>"; };
		958052F625E3CBF1008AAD8F /* SignInScreen.swift */ = {isa = PBXFileReference; lastKnownFileType = sourcecode.swift; path = SignInScreen.swift; sourceTree = "<group>"; };
		958052FE25E3CC70008AAD8F /* ItemPost.swift */ = {isa = PBXFileReference; lastKnownFileType = sourcecode.swift; path = ItemPost.swift; sourceTree = "<group>"; };
		95AFCE0025E4D58900D5F79C /* TimeLineScreen.swift */ = {isa = PBXFileReference; lastKnownFileType = sourcecode.swift; path = TimeLineScreen.swift; sourceTree = "<group>"; };
		95AFCE0325E4D77300D5F79C /* SearchingScreen.swift */ = {isa = PBXFileReference; lastKnownFileType = sourcecode.swift; path = SearchingScreen.swift; sourceTree = "<group>"; };
		95AFCE0625E4D78C00D5F79C /* AddPostScrren.swift */ = {isa = PBXFileReference; lastKnownFileType = sourcecode.swift; path = AddPostScrren.swift; sourceTree = "<group>"; };
		95AFCE0925E4D79B00D5F79C /* EventsScreen.swift */ = {isa = PBXFileReference; lastKnownFileType = sourcecode.swift; path = EventsScreen.swift; sourceTree = "<group>"; };
		95AFCE0C25E4D7A600D5F79C /* ProfileScreen.swift */ = {isa = PBXFileReference; lastKnownFileType = sourcecode.swift; path = ProfileScreen.swift; sourceTree = "<group>"; };
		95AFCE0F25E4DE4B00D5F79C /* ResultCell.swift */ = {isa = PBXFileReference; lastKnownFileType = sourcecode.swift; path = ResultCell.swift; sourceTree = "<group>"; };
		95AFCE1A25E4E64400D5F79C /* ImagePicker.swift */ = {isa = PBXFileReference; lastKnownFileType = sourcecode.swift; path = ImagePicker.swift; sourceTree = "<group>"; };
		95AFCE1E25E5102400D5F79C /* ActivityCell.swift */ = {isa = PBXFileReference; lastKnownFileType = sourcecode.swift; path = ActivityCell.swift; sourceTree = "<group>"; };
		95AFCE2125E51AB400D5F79C /* NewActivity.swift */ = {isa = PBXFileReference; lastKnownFileType = sourcecode.swift; path = NewActivity.swift; sourceTree = "<group>"; };
		95AFCE2425E51CBE00D5F79C /* CreateNewActivity.swift */ = {isa = PBXFileReference; lastKnownFileType = sourcecode.swift; path = CreateNewActivity.swift; sourceTree = "<group>"; };
		95AFCE2725E5211400D5F79C /* UserPosts.swift */ = {isa = PBXFileReference; lastKnownFileType = sourcecode.swift; path = UserPosts.swift; sourceTree = "<group>"; };
		95E3B59C25E48507004BFDB0 /* SearchResultItem.swift */ = {isa = PBXFileReference; lastKnownFileType = sourcecode.swift; path = SearchResultItem.swift; sourceTree = "<group>"; };
/* End PBXFileReference section */

/* Begin PBXFrameworksBuildPhase section */
		958052C325E3C518008AAD8F /* Frameworks */ = {
			isa = PBXFrameworksBuildPhase;
			buildActionMask = 2147483647;
			files = (
			);
			runOnlyForDeploymentPostprocessing = 0;
		};
/* End PBXFrameworksBuildPhase section */

/* Begin PBXGroup section */
		958052BD25E3C518008AAD8F = {
			isa = PBXGroup;
			children = (
				958052C825E3C518008AAD8F /* Instagram */,
				958052C725E3C518008AAD8F /* Products */,
			);
			sourceTree = "<group>";
		};
		958052C725E3C518008AAD8F /* Products */ = {
			isa = PBXGroup;
			children = (
				958052C625E3C518008AAD8F /* Instagram.app */,
			);
			name = Products;
			sourceTree = "<group>";
		};
		958052C825E3C518008AAD8F /* Instagram */ = {
			isa = PBXGroup;
			children = (
				958052F925E3CC3F008AAD8F /* cell */,
				958052E225E3C529008AAD8F /* screens */,
				958052E125E3C520008AAD8F /* apputils */,
				958052C925E3C518008AAD8F /* AppDelegate.swift */,
				958052CB25E3C518008AAD8F /* SceneDelegate.swift */,
				958052DA25E3C519008AAD8F /* Info.plist */,
				958052D425E3C519008AAD8F /* Preview Content */,
			);
			path = Instagram;
			sourceTree = "<group>";
		};
		958052D425E3C519008AAD8F /* Preview Content */ = {
			isa = PBXGroup;
			children = (
				958052D525E3C519008AAD8F /* Preview Assets.xcassets */,
			);
			path = "Preview Content";
			sourceTree = "<group>";
		};
		958052E125E3C520008AAD8F /* apputils */ = {
			isa = PBXGroup;
			children = (
				958052D225E3C519008AAD8F /* Assets.xcassets */,
				958052CF25E3C518008AAD8F /* Instagram.xcdatamodeld */,
				958052D725E3C519008AAD8F /* LaunchScreen.storyboard */,
				958052E825E3C5BC008AAD8F /* Status.swift */,
				95AFCE1A25E4E64400D5F79C /* ImagePicker.swift */,
			);
			path = apputils;
			sourceTree = "<group>";
		};
		958052E225E3C529008AAD8F /* screens */ = {
			isa = PBXGroup;
			children = (
				958052E325E3C54A008AAD8F /* StarterScreen.swift */,
				958052EE25E3C66C008AAD8F /* HomeScreen.swift */,
				958052F625E3CBF1008AAD8F /* SignInScreen.swift */,
				95AFCE0025E4D58900D5F79C /* TimeLineScreen.swift */,
				95AFCE0325E4D77300D5F79C /* SearchingScreen.swift */,
				95AFCE0625E4D78C00D5F79C /* AddPostScrren.swift */,
				95AFCE0925E4D79B00D5F79C /* EventsScreen.swift */,
				95AFCE0C25E4D7A600D5F79C /* ProfileScreen.swift */,
			);
			path = screens;
			sourceTree = "<group>";
		};
		958052F925E3CC3F008AAD8F /* cell */ = {
			isa = PBXGroup;
			children = (
				958052FE25E3CC70008AAD8F /* ItemPost.swift */,
				950C238925E46785006F72DA /* ItemStory.swift */,
				950C238C25E46F98006F72DA /* AddStory.swift */,
				95E3B59C25E48507004BFDB0 /* SearchResultItem.swift */,
				95AFCE0F25E4DE4B00D5F79C /* ResultCell.swift */,
				95AFCE1E25E5102400D5F79C /* ActivityCell.swift */,
				95AFCE2125E51AB400D5F79C /* NewActivity.swift */,
				95AFCE2425E51CBE00D5F79C /* CreateNewActivity.swift */,
				95AFCE2725E5211400D5F79C /* UserPosts.swift */,
			);
			path = cell;
			sourceTree = "<group>";
		};
/* End PBXGroup section */

/* Begin PBXNativeTarget section */
		958052C525E3C518008AAD8F /* Instagram */ = {
			isa = PBXNativeTarget;
			buildConfigurationList = 958052DD25E3C519008AAD8F /* Build configuration list for PBXNativeTarget "Instagram" */;
			buildPhases = (
				958052C225E3C518008AAD8F /* Sources */,
				958052C325E3C518008AAD8F /* Frameworks */,
				958052C425E3C518008AAD8F /* Resources */,
			);
			buildRules = (
			);
			dependencies = (
			);
			name = Instagram;
			productName = Instagram;
			productReference = 958052C625E3C518008AAD8F /* Instagram.app */;
			productType = "com.apple.product-type.application";
		};
/* End PBXNativeTarget section */

/* Begin PBXProject section */
		958052BE25E3C518008AAD8F /* Project object */ = {
			isa = PBXProject;
			attributes = {
				LastSwiftUpdateCheck = 1240;
				LastUpgradeCheck = 1240;
				TargetAttributes = {
					958052C525E3C518008AAD8F = {
						CreatedOnToolsVersion = 12.4;
					};
				};
			};
			buildConfigurationList = 958052C125E3C518008AAD8F /* Build configuration list for PBXProject "Instagram" */;
			compatibilityVersion = "Xcode 9.3";
			developmentRegion = en;
			hasScannedForEncodings = 0;
			knownRegions = (
				en,
				Base,
			);
			mainGroup = 958052BD25E3C518008AAD8F;
			productRefGroup = 958052C725E3C518008AAD8F /* Products */;
			projectDirPath = "";
			projectRoot = "";
			targets = (
				958052C525E3C518008AAD8F /* Instagram */,
			);
		};
/* End PBXProject section */

/* Begin PBXResourcesBuildPhase section */
		958052C425E3C518008AAD8F /* Resources */ = {
			isa = PBXResourcesBuildPhase;
			buildActionMask = 2147483647;
			files = (
				958052D925E3C519008AAD8F /* LaunchScreen.storyboard in Resources */,
				958052D625E3C519008AAD8F /* Preview Assets.xcassets in Resources */,
				958052D325E3C519008AAD8F /* Assets.xcassets in Resources */,
			);
			runOnlyForDeploymentPostprocessing = 0;
		};
/* End PBXResourcesBuildPhase section */

/* Begin PBXSourcesBuildPhase section */
		958052C225E3C518008AAD8F /* Sources */ = {
			isa = PBXSourcesBuildPhase;
			buildActionMask = 2147483647;
			files = (
				95AFCE2825E5211400D5F79C /* UserPosts.swift in Sources */,
				95AFCE0725E4D78C00D5F79C /* AddPostScrren.swift in Sources */,
				958052D125E3C518008AAD8F /* Instagram.xcdatamodeld in Sources */,
				95AFCE2525E51CBE00D5F79C /* CreateNewActivity.swift in Sources */,
				958052E925E3C5BC008AAD8F /* Status.swift in Sources */,
				958052EF25E3C66C008AAD8F /* HomeScreen.swift in Sources */,
				95AFCE0A25E4D79B00D5F79C /* EventsScreen.swift in Sources */,
				95AFCE1025E4DE4B00D5F79C /* ResultCell.swift in Sources */,
				95AFCE1B25E4E64400D5F79C /* ImagePicker.swift in Sources */,
				95AFCE2225E51AB400D5F79C /* NewActivity.swift in Sources */,
				958052F725E3CBF1008AAD8F /* SignInScreen.swift in Sources */,
				950C238A25E46785006F72DA /* ItemStory.swift in Sources */,
				958052CA25E3C518008AAD8F /* AppDelegate.swift in Sources */,
				95AFCE1F25E5102400D5F79C /* ActivityCell.swift in Sources */,
				95E3B59D25E48507004BFDB0 /* SearchResultItem.swift in Sources */,
				958052CC25E3C518008AAD8F /* SceneDelegate.swift in Sources */,
				958052FF25E3CC70008AAD8F /* ItemPost.swift in Sources */,
				95AFCE0425E4D77300D5F79C /* SearchingScreen.swift in Sources */,
				958052E425E3C54A008AAD8F /* StarterScreen.swift in Sources */,
				95AFCE0125E4D58900D5F79C /* TimeLineScreen.swift in Sources */,
				950C238D25E46F98006F72DA /* AddStory.swift in Sources */,
				95AFCE0D25E4D7A600D5F79C /* ProfileScreen.swift in Sources */,
			);
			runOnlyForDeploymentPostprocessing = 0;
		};
/* End PBXSourcesBuildPhase section */

/* Begin PBXVariantGroup section */
		958052D725E3C519008AAD8F /* LaunchScreen.storyboard */ = {
			isa = PBXVariantGroup;
			children = (
				958052D825E3C519008AAD8F /* Base */,
			);
			name = LaunchScreen.storyboard;
			sourceTree = "<group>";
		};
/* End PBXVariantGroup section */

/* Begin XCBuildConfiguration section */
		958052DB25E3C519008AAD8F /* Debug */ = {
			isa = XCBuildConfiguration;
			buildSettings = {
				ALWAYS_SEARCH_USER_PATHS = NO;
				CLANG_ANALYZER_NONNULL = YES;
				CLANG_ANALYZER_NUMBER_OBJECT_CONVERSION = YES_AGGRESSIVE;
				CLANG_CXX_LANGUAGE_STANDARD = "gnu++14";
				CLANG_CXX_LIBRARY = "libc++";
				CLANG_ENABLE_MODULES = YES;
				CLANG_ENABLE_OBJC_ARC = YES;
				CLANG_ENABLE_OBJC_WEAK = YES;
				CLANG_WARN_BLOCK_CAPTURE_AUTORELEASING = YES;
				CLANG_WARN_BOOL_CONVERSION = YES;
				CLANG_WARN_COMMA = YES;
				CLANG_WARN_CONSTANT_CONVERSION = YES;
				CLANG_WARN_DEPRECATED_OBJC_IMPLEMENTATIONS = YES;
				CLANG_WARN_DIRECT_OBJC_ISA_USAGE = YES_ERROR;
				CLANG_WARN_DOCUMENTATION_COMMENTS = YES;
				CLANG_WARN_EMPTY_BODY = YES;
				CLANG_WARN_ENUM_CONVERSION = YES;
				CLANG_WARN_INFINITE_RECURSION = YES;
				CLANG_WARN_INT_CONVERSION = YES;
				CLANG_WARN_NON_LITERAL_NULL_CONVERSION = YES;
				CLANG_WARN_OBJC_IMPLICIT_RETAIN_SELF = YES;
				CLANG_WARN_OBJC_LITERAL_CONVERSION = YES;
				CLANG_WARN_OBJC_ROOT_CLASS = YES_ERROR;
				CLANG_WARN_QUOTED_INCLUDE_IN_FRAMEWORK_HEADER = YES;
				CLANG_WARN_RANGE_LOOP_ANALYSIS = YES;
				CLANG_WARN_STRICT_PROTOTYPES = YES;
				CLANG_WARN_SUSPICIOUS_MOVE = YES;
				CLANG_WARN_UNGUARDED_AVAILABILITY = YES_AGGRESSIVE;
				CLANG_WARN_UNREACHABLE_CODE = YES;
				CLANG_WARN__DUPLICATE_METHOD_MATCH = YES;
				COPY_PHASE_STRIP = NO;
				DEBUG_INFORMATION_FORMAT = dwarf;
				ENABLE_STRICT_OBJC_MSGSEND = YES;
				ENABLE_TESTABILITY = YES;
				GCC_C_LANGUAGE_STANDARD = gnu11;
				GCC_DYNAMIC_NO_PIC = NO;
				GCC_NO_COMMON_BLOCKS = YES;
				GCC_OPTIMIZATION_LEVEL = 0;
				GCC_PREPROCESSOR_DEFINITIONS = (
					"DEBUG=1",
					"$(inherited)",
				);
				GCC_WARN_64_TO_32_BIT_CONVERSION = YES;
				GCC_WARN_ABOUT_RETURN_TYPE = YES_ERROR;
				GCC_WARN_UNDECLARED_SELECTOR = YES;
				GCC_WARN_UNINITIALIZED_AUTOS = YES_AGGRESSIVE;
				GCC_WARN_UNUSED_FUNCTION = YES;
				GCC_WARN_UNUSED_VARIABLE = YES;
				IPHONEOS_DEPLOYMENT_TARGET = 14.4;
				MTL_ENABLE_DEBUG_INFO = INCLUDE_SOURCE;
				MTL_FAST_MATH = YES;
				ONLY_ACTIVE_ARCH = YES;
				SDKROOT = iphoneos;
				SWIFT_ACTIVE_COMPILATION_CONDITIONS = DEBUG;
				SWIFT_OPTIMIZATION_LEVEL = "-Onone";
			};
			name = Debug;
		};
		958052DC25E3C519008AAD8F /* Release */ = {
			isa = XCBuildConfiguration;
			buildSettings = {
				ALWAYS_SEARCH_USER_PATHS = NO;
				CLANG_ANALYZER_NONNULL = YES;
				CLANG_ANALYZER_NUMBER_OBJECT_CONVERSION = YES_AGGRESSIVE;
				CLANG_CXX_LANGUAGE_STANDARD = "gnu++14";
				CLANG_CXX_LIBRARY = "libc++";
				CLANG_ENABLE_MODULES = YES;
				CLANG_ENABLE_OBJC_ARC = YES;
				CLANG_ENABLE_OBJC_WEAK = YES;
				CLANG_WARN_BLOCK_CAPTURE_AUTORELEASING = YES;
				CLANG_WARN_BOOL_CONVERSION = YES;
				CLANG_WARN_COMMA = YES;
				CLANG_WARN_CONSTANT_CONVERSION = YES;
				CLANG_WARN_DEPRECATED_OBJC_IMPLEMENTATIONS = YES;
				CLANG_WARN_DIRECT_OBJC_ISA_USAGE = YES_ERROR;
				CLANG_WARN_DOCUMENTATION_COMMENTS = YES;
				CLANG_WARN_EMPTY_BODY = YES;
				CLANG_WARN_ENUM_CONVERSION = YES;
				CLANG_WARN_INFINITE_RECURSION = YES;
				CLANG_WARN_INT_CONVERSION = YES;
				CLANG_WARN_NON_LITERAL_NULL_CONVERSION = YES;
				CLANG_WARN_OBJC_IMPLICIT_RETAIN_SELF = YES;
				CLANG_WARN_OBJC_LITERAL_CONVERSION = YES;
				CLANG_WARN_OBJC_ROOT_CLASS = YES_ERROR;
				CLANG_WARN_QUOTED_INCLUDE_IN_FRAMEWORK_HEADER = YES;
				CLANG_WARN_RANGE_LOOP_ANALYSIS = YES;
				CLANG_WARN_STRICT_PROTOTYPES = YES;
				CLANG_WARN_SUSPICIOUS_MOVE = YES;
				CLANG_WARN_UNGUARDED_AVAILABILITY = YES_AGGRESSIVE;
				CLANG_WARN_UNREACHABLE_CODE = YES;
				CLANG_WARN__DUPLICATE_METHOD_MATCH = YES;
				COPY_PHASE_STRIP = NO;
				DEBUG_INFORMATION_FORMAT = "dwarf-with-dsym";
				ENABLE_NS_ASSERTIONS = NO;
				ENABLE_STRICT_OBJC_MSGSEND = YES;
				GCC_C_LANGUAGE_STANDARD = gnu11;
				GCC_NO_COMMON_BLOCKS = YES;
				GCC_WARN_64_TO_32_BIT_CONVERSION = YES;
				GCC_WARN_ABOUT_RETURN_TYPE = YES_ERROR;
				GCC_WARN_UNDECLARED_SELECTOR = YES;
				GCC_WARN_UNINITIALIZED_AUTOS = YES_AGGRESSIVE;
				GCC_WARN_UNUSED_FUNCTION = YES;
				GCC_WARN_UNUSED_VARIABLE = YES;
				IPHONEOS_DEPLOYMENT_TARGET = 14.4;
				MTL_ENABLE_DEBUG_INFO = NO;
				MTL_FAST_MATH = YES;
				SDKROOT = iphoneos;
				SWIFT_COMPILATION_MODE = wholemodule;
				SWIFT_OPTIMIZATION_LEVEL = "-O";
				VALIDATE_PRODUCT = YES;
			};
			name = Release;
		};
		958052DE25E3C519008AAD8F /* Debug */ = {
			isa = XCBuildConfiguration;
			buildSettings = {
				ASSETCATALOG_COMPILER_APPICON_NAME = AppIcon;
				ASSETCATALOG_COMPILER_GLOBAL_ACCENT_COLOR_NAME = AccentColor;
				CODE_SIGN_STYLE = Automatic;
				DEVELOPMENT_ASSET_PATHS = "\"Instagram/Preview Content\"";
				DEVELOPMENT_TEAM = V5733424RR;
				ENABLE_PREVIEWS = YES;
				INFOPLIST_FILE = Instagram/Info.plist;
				LD_RUNPATH_SEARCH_PATHS = (
					"$(inherited)",
					"@executable_path/Frameworks",
				);
				PRODUCT_BUNDLE_IDENTIFIER = com.negmatov.Instagram;
				PRODUCT_NAME = "$(TARGET_NAME)";
				SWIFT_VERSION = 5.0;
				TARGETED_DEVICE_FAMILY = "1,2";
			};
			name = Debug;
		};
		958052DF25E3C519008AAD8F /* Release */ = {
			isa = XCBuildConfiguration;
			buildSettings = {
				ASSETCATALOG_COMPILER_APPICON_NAME = AppIcon;
				ASSETCATALOG_COMPILER_GLOBAL_ACCENT_COLOR_NAME = AccentColor;
				CODE_SIGN_STYLE = Automatic;
				DEVELOPMENT_ASSET_PATHS = "\"Instagram/Preview Content\"";
				DEVELOPMENT_TEAM = V5733424RR;
				ENABLE_PREVIEWS = YES;
				INFOPLIST_FILE = Instagram/Info.plist;
				LD_RUNPATH_SEARCH_PATHS = (
					"$(inherited)",
					"@executable_path/Frameworks",
				);
				PRODUCT_BUNDLE_IDENTIFIER = com.negmatov.Instagram;
				PRODUCT_NAME = "$(TARGET_NAME)";
				SWIFT_VERSION = 5.0;
				TARGETED_DEVICE_FAMILY = "1,2";
			};
			name = Release;
		};
/* End XCBuildConfiguration section */

/* Begin XCConfigurationList section */
		958052C125E3C518008AAD8F /* Build configuration list for PBXProject "Instagram" */ = {
			isa = XCConfigurationList;
			buildConfigurations = (
				958052DB25E3C519008AAD8F /* Debug */,
				958052DC25E3C519008AAD8F /* Release */,
			);
			defaultConfigurationIsVisible = 0;
			defaultConfigurationName = Release;
		};
		958052DD25E3C519008AAD8F /* Build configuration list for PBXNativeTarget "Instagram" */ = {
			isa = XCConfigurationList;
			buildConfigurations = (
				958052DE25E3C519008AAD8F /* Debug */,
				958052DF25E3C519008AAD8F /* Release */,
			);
			defaultConfigurationIsVisible = 0;
			defaultConfigurationName = Release;
		};
/* End XCConfigurationList section */

/* Begin XCVersionGroup section */
		958052CF25E3C518008AAD8F /* Instagram.xcdatamodeld */ = {
			isa = XCVersionGroup;
			children = (
				958052D025E3C518008AAD8F /* Instagram.xcdatamodel */,
			);
			currentVersion = 958052D025E3C518008AAD8F /* Instagram.xcdatamodel */;
			path = Instagram.xcdatamodeld;
			sourceTree = "<group>";
			versionGroupType = wrapper.xcdatamodel;
		};
/* End XCVersionGroup section */
	};
	rootObject = 958052BE25E3C518008AAD8F /* Project object */;
}
